
Microsoft Visual Studio Solution File, Format Version 12.00
# Visual Studio 2013
VisualStudioVersion = 12.0.21005.1
MinimumVisualStudioVersion = 10.0.40219.1
Project("{FAE04EC0-301F-11D3-BF4B-00C04F79EFBC}") = "ImportPropertyInfoService", "ImportPropertyInfoService\ImportPropertyInfoService.csproj", "{ECF16CA0-C41B-4F86-928F-1CA5703E217B}"
EndProject
Project("{54435603-DBB4-11D2-8724-00A0C9A8B90C}") = "ImportPropInfoInstaller", "ImportPropInfoInstaller\ImportPropInfoInstaller.vdproj", "{2FE2FB92-C834-4B6C-B879-8CA7D94E9D92}"
EndProject
Global
	GlobalSection(SolutionConfigurationPlatforms) = preSolution
		Debug|Any CPU = Debug|Any CPU
		Release|Any CPU = Release|Any CPU
	EndGlobalSection
	GlobalSection(ProjectConfigurationPlatforms) = postSolution
		{ECF16CA0-C41B-4F86-928F-1CA5703E217B}.Debug|Any CPU.ActiveCfg = Debug|Any CPU
		{ECF16CA0-C41B-4F86-928F-1CA5703E217B}.Debug|Any CPU.Build.0 = Debug|Any CPU
		{ECF16CA0-C41B-4F86-928F-1CA5703E217B}.Release|Any CPU.ActiveCfg = Release|Any CPU
		{ECF16CA0-C41B-4F86-928F-1CA5703E217B}.Release|Any CPU.Build.0 = Release|Any CPU
		{2FE2FB92-C834-4B6C-B879-8CA7D94E9D92}.Debug|Any CPU.ActiveCfg = Debug
		{2FE2FB92-C834-4B6C-B879-8CA7D94E9D92}.Release|Any CPU.ActiveCfg = Release
	EndGlobalSection
	GlobalSection(SolutionProperties) = preSolution
		HideSolutionNode = FALSE
	EndGlobalSection
EndGlobal
