
Microsoft Visual Studio Solution File, Format Version 12.00
# Visual Studio 14
VisualStudioVersion = 14.0.23107.0
MinimumVisualStudioVersion = 10.0.40219.1
Project("{FAE04EC0-301F-11D3-BF4B-00C04F79EFBC}") = "ImportPropertyInfoService", "ImportPropertyInfoService\ImportPropertyInfoService.csproj", "{ECF16CA0-C41B-4F86-928F-1CA5703E217B}"
EndProject
Project("{FAE04EC0-301F-11D3-BF4B-00C04F79EFBC}") = "PTB.FrontEnd", "PTB.FrontEnd\PTB.FrontEnd.csproj", "{4125FE5A-C781-415B-8B16-914BCEBC2064}"
EndProject
Project("{FAE04EC0-301F-11D3-BF4B-00C04F79EFBC}") = "PTB.Entities", "PTB.Entities\PTB.Entities.csproj", "{C0582B5A-94F2-4166-953A-35E602A96E34}"
EndProject
Project("{FAE04EC0-301F-11D3-BF4B-00C04F79EFBC}") = "PTB.DataAccess", "PTB.DataAccess\PTB.DataAccess.csproj", "{4F54A652-64AC-4524-A9A4-804143DAEDFA}"
EndProject
Global
	GlobalSection(SolutionConfigurationPlatforms) = preSolution
		Debug|Any CPU = Debug|Any CPU
		Release|Any CPU = Release|Any CPU
	EndGlobalSection
	GlobalSection(ProjectConfigurationPlatforms) = postSolution
		{ECF16CA0-C41B-4F86-928F-1CA5703E217B}.Debug|Any CPU.ActiveCfg = Debug|Any CPU
		{ECF16CA0-C41B-4F86-928F-1CA5703E217B}.Release|Any CPU.ActiveCfg = Release|Any CPU
		{ECF16CA0-C41B-4F86-928F-1CA5703E217B}.Release|Any CPU.Build.0 = Release|Any CPU
		{4125FE5A-C781-415B-8B16-914BCEBC2064}.Debug|Any CPU.ActiveCfg = Debug|Any CPU
		{4125FE5A-C781-415B-8B16-914BCEBC2064}.Debug|Any CPU.Build.0 = Debug|Any CPU
		{4125FE5A-C781-415B-8B16-914BCEBC2064}.Release|Any CPU.ActiveCfg = Release|Any CPU
		{4125FE5A-C781-415B-8B16-914BCEBC2064}.Release|Any CPU.Build.0 = Release|Any CPU
		{C0582B5A-94F2-4166-953A-35E602A96E34}.Debug|Any CPU.ActiveCfg = Debug|Any CPU
		{C0582B5A-94F2-4166-953A-35E602A96E34}.Debug|Any CPU.Build.0 = Debug|Any CPU
		{C0582B5A-94F2-4166-953A-35E602A96E34}.Release|Any CPU.ActiveCfg = Release|Any CPU
		{C0582B5A-94F2-4166-953A-35E602A96E34}.Release|Any CPU.Build.0 = Release|Any CPU
		{4F54A652-64AC-4524-A9A4-804143DAEDFA}.Debug|Any CPU.ActiveCfg = Debug|Any CPU
		{4F54A652-64AC-4524-A9A4-804143DAEDFA}.Debug|Any CPU.Build.0 = Debug|Any CPU
		{4F54A652-64AC-4524-A9A4-804143DAEDFA}.Release|Any CPU.ActiveCfg = Release|Any CPU
		{4F54A652-64AC-4524-A9A4-804143DAEDFA}.Release|Any CPU.Build.0 = Release|Any CPU
	EndGlobalSection
	GlobalSection(SolutionProperties) = preSolution
		HideSolutionNode = FALSE
	EndGlobalSection
EndGlobal
